
Microsoft Visual Studio Solution File, Format Version 12.00
# Visual Studio Version 16
VisualStudioVersion = 16.0.29905.134
MinimumVisualStudioVersion = 10.0.40219.1
Project("{8BC9CEB8-8B4A-11D0-8D11-00A0C91BC942}") = "Mk6", "Mk6\Mk6.vcxproj", "{9225D0FF-A15F-4F67-9C45-C6EDC715E57F}"
EndProject
Global
	GlobalSection(SolutionConfigurationPlatforms) = preSolution
		Debug|x64 = Debug|x64
		Debug|x86 = Debug|x86
		Release|x64 = Release|x64
		Release|x86 = Release|x86
	EndGlobalSection
	GlobalSection(ProjectConfigurationPlatforms) = postSolution
		{9225D0FF-A15F-4F67-9C45-C6EDC715E57F}.Debug|x64.ActiveCfg = Debug|x64
		{9225D0FF-A15F-4F67-9C45-C6EDC715E57F}.Debug|x64.Build.0 = Debug|x64
		{9225D0FF-A15F-4F67-9C45-C6EDC715E57F}.Debug|x86.ActiveCfg = Debug|Win32
		{9225D0FF-A15F-4F67-9C45-C6EDC715E57F}.Debug|x86.Build.0 = Debug|Win32
		{9225D0FF-A15F-4F67-9C45-C6EDC715E57F}.Release|x64.ActiveCfg = Release|x64
		{9225D0FF-A15F-4F67-9C45-C6EDC715E57F}.Release|x64.Build.0 = Release|x64
		{9225D0FF-A15F-4F67-9C45-C6EDC715E57F}.Release|x86.ActiveCfg = Release|Win32
		{9225D0FF-A15F-4F67-9C45-C6EDC715E57F}.Release|x86.Build.0 = Release|Win32
	EndGlobalSection
	GlobalSection(SolutionProperties) = preSolution
		HideSolutionNode = FALSE
	EndGlobalSection
	GlobalSection(ExtensibilityGlobals) = postSolution
		SolutionGuid = {6CEDE878-C007-4DF8-BCAF-C74C8EFC69E2}
	EndGlobalSection
EndGlobal
